<?xml version="1.0" encoding="utf-8"?>
<Project ToolsVersion="4.0" xmlns="http://schemas.microsoft.com/developer/msbuild/2003">
  <ItemGroup>
    <Filter Include="源文件">
      <UniqueIdentifier>{4FC737F1-C7A5-4376-A066-2A32D752A2FF}</UniqueIdentifier>
      <Extensions>cpp;c;cc;cxx;def;odl;idl;hpj;bat;asm;asmx</Extensions>
    </Filter>
    <Filter Include="头文件">
      <UniqueIdentifier>{93995380-89BD-4b04-88EB-625FBE52EBFB}</UniqueIdentifier>
      <Extensions>h;hh;hpp;hxx;hm;inl;inc;xsd</Extensions>
    </Filter>
    <Filter Include="资源文件">
      <UniqueIdentifier>{67DA6AB6-F800-4c08-8B7A-83BB121AAD01}</UniqueIdentifier>
      <Extensions>rc;ico;cur;bmp;dlg;rc2;rct;bin;rgs;gif;jpg;jpeg;jpe;resx;tiff;tif;png;wav;mfcribbon-ms</Extensions>
    </Filter>
  </ItemGroup>
  <ItemGroup>
    <Text Include="ReadMe.txt" />
  </ItemGroup>
  <ItemGroup>
    <ClInclude Include="PlaneWar.h">
      <Filter>头文件</Filter>
    </ClInclude>
    <ClInclude Include="stdafx.h">
      <Filter>头文件</Filter>
    </ClInclude>
    <ClInclude Include="targetver.h">
      <Filter>头文件</Filter>
    </ClInclude>
    <ClInclude Include="MainFrm.h">
      <Filter>头文件</Filter>
    </ClInclude>
    <ClInclude Include="PlaneWarDoc.h">
      <Filter>头文件</Filter>
    </ClInclude>
    <ClInclude Include="PlaneWarView.h">
      <Filter>头文件</Filter>
    </ClInclude>
    <ClInclude Include="Resource.h">
      <Filter>头文件</Filter>
    </ClInclude>
    <ClInclude Include="FileView.h">
      <Filter>头文件</Filter>
    </ClInclude>
    <ClInclude Include="ClassView.h">
      <Filter>头文件</Filter>
    </ClInclude>
    <ClInclude Include="ViewTree.h">
      <Filter>头文件</Filter>
    </ClInclude>
    <ClInclude Include="OutputWnd.h">
      <Filter>头文件</Filter>
    </ClInclude>
    <ClInclude Include="PropertiesWnd.h">
      <Filter>头文件</Filter>
    </ClInclude>
    <ClInclude Include="GameObject.h">
      <Filter>头文件</Filter>
    </ClInclude>
    <ClInclude Include="Ball.h">
      <Filter>头文件</Filter>
    </ClInclude>
    <ClInclude Include="Bomb.h">
      <Filter>头文件</Filter>
    </ClInclude>
    <ClInclude Include="Enemy.h">
      <Filter>头文件</Filter>
    </ClInclude>
    <ClInclude Include="Explosion.h">
      <Filter>头文件</Filter>
    </ClInclude>
    <ClInclude Include="MyPlane.h">
      <Filter>头文件</Filter>
    </ClInclude>
    <ClInclude Include="Blood.h">
      <Filter>头文件</Filter>
    </ClInclude>
    <ClInclude Include="Scene.h">
      <Filter>头文件</Filter>
    </ClInclude>
    <ClInclude Include="MyDialog.h">
      <Filter>头文件</Filter>
    </ClInclude>
    <ClInclude Include="RestartDialog.h">
      <Filter>头文件</Filter>
    </ClInclude>
    <ClInclude Include="Boss.h">
      <Filter>头文件</Filter>
    </ClInclude>
  </ItemGroup>
  <ItemGroup>
    <ClCompile Include="PlaneWar.cpp">
      <Filter>源文件</Filter>
    </ClCompile>
    <ClCompile Include="stdafx.cpp">
      <Filter>源文件</Filter>
    </ClCompile>
    <ClCompile Include="MainFrm.cpp">
      <Filter>源文件</Filter>
    </ClCompile>
    <ClCompile Include="PlaneWarDoc.cpp">
      <Filter>源文件</Filter>
    </ClCompile>
    <ClCompile Include="PlaneWarView.cpp">
      <Filter>源文件</Filter>
    </ClCompile>
    <ClCompile Include="FileView.cpp">
      <Filter>源文件</Filter>
    </ClCompile>
    <ClCompile Include="ClassView.cpp">
      <Filter>源文件</Filter>
    </ClCompile>
    <ClCompile Include="ViewTree.cpp">
      <Filter>源文件</Filter>
    </ClCompile>
    <ClCompile Include="OutputWnd.cpp">
      <Filter>源文件</Filter>
    </ClCompile>
    <ClCompile Include="PropertiesWnd.cpp">
      <Filter>源文件</Filter>
    </ClCompile>
    <ClCompile Include="GameObject.cpp">
      <Filter>源文件</Filter>
    </ClCompile>
    <ClCompile Include="Ball.cpp">
      <Filter>源文件</Filter>
    </ClCompile>
    <ClCompile Include="Bomb.cpp">
      <Filter>源文件</Filter>
    </ClCompile>
    <ClCompile Include="Enemy.cpp">
      <Filter>源文件</Filter>
    </ClCompile>
    <ClCompile Include="Explosion.cpp">
      <Filter>源文件</Filter>
    </ClCompile>
    <ClCompile Include="MyPlane.cpp">
      <Filter>源文件</Filter>
    </ClCompile>
    <ClCompile Include="Blood.cpp">
      <Filter>源文件</Filter>
    </ClCompile>
    <ClCompile Include="Scene.cpp">
      <Filter>源文件</Filter>
    </ClCompile>
    <ClCompile Include="MyDialog.cpp">
      <Filter>源文件</Filter>
    </ClCompile>
    <ClCompile Include="RestartDialog.cpp">
      <Filter>源文件</Filter>
    </ClCompile>
    <ClCompile Include="Boss.cpp">
      <Filter>源文件</Filter>
    </ClCompile>
  </ItemGroup>
  <ItemGroup>
    <ResourceCompile Include="PlaneWar.rc">
      <Filter>资源文件</Filter>
    </ResourceCompile>
  </ItemGroup>
  <ItemGroup>
    <Image Include="res\file_view.ico">
      <Filter>资源文件</Filter>
    </Image>
    <Image Include="res\file_view_hc.ico">
      <Filter>资源文件</Filter>
    </Image>
    <Image Include="res\class_view.ico">
      <Filter>资源文件</Filter>
    </Image>
    <Image Include="res\class_view_hc.ico">
      <Filter>资源文件</Filter>
    </Image>
    <Image Include="res\fileview.bmp">
      <Filter>资源文件</Filter>
    </Image>
    <Image Include="res\fileview_hc.bmp">
      <Filter>资源文件</Filter>
    </Image>
    <Image Include="res\classview.bmp">
      <Filter>资源文件</Filter>
    </Image>
    <Image Include="res\classview_hc.bmp">
      <Filter>资源文件</Filter>
    </Image>
    <Image Include="res\explorer.bmp">
      <Filter>资源文件</Filter>
    </Image>
    <Image Include="res\explorer_hc.bmp">
      <Filter>资源文件</Filter>
    </Image>
    <Image Include="res\sort.bmp">
      <Filter>资源文件</Filter>
    </Image>
    <Image Include="res\sort_hc.bmp">
      <Filter>资源文件</Filter>
    </Image>
    <Image Include="res\menuimages.bmp">
      <Filter>资源文件</Filter>
    </Image>
    <Image Include="res\menuimages_hc.bmp">
      <Filter>资源文件</Filter>
    </Image>
    <Image Include="res\output_wnd.ico">
      <Filter>资源文件</Filter>
    </Image>
    <Image Include="res\output_wnd_hc.ico">
      <Filter>资源文件</Filter>
    </Image>
    <Image Include="res\properties_wnd.ico">
      <Filter>资源文件</Filter>
    </Image>
    <Image Include="res\properties_wnd_hc.ico">
      <Filter>资源文件</Filter>
    </Image>
    <Image Include="res\properties.bmp">
      <Filter>资源文件</Filter>
    </Image>
    <Image Include="res\properties_hc.bmp">
      <Filter>资源文件</Filter>
    </Image>
    <Image Include="UserImages.bmp">
      <Filter>资源文件</Filter>
    </Image>
    <Image Include="res\PlaneWarDoc.ico">
      <Filter>资源文件</Filter>
    </Image>
    <Image Include="res\PlaneWar.ico">
      <Filter>资源文件</Filter>
    </Image>
    <Image Include="res\Toolbar.bmp">
      <Filter>资源文件</Filter>
    </Image>
    <Image Include="res\Toolbar256.bmp">
      <Filter>资源文件</Filter>
    </Image>
    <Image Include="image\ball.BMP">
      <Filter>资源文件</Filter>
    </Image>
    <Image Include="image\bombDown.BMP">
      <Filter>资源文件</Filter>
    </Image>
    <Image Include="image\bombUp.bmp">
      <Filter>资源文件</Filter>
    </Image>
    <Image Include="image\explosion.BMP">
      <Filter>资源文件</Filter>
    </Image>
    <Image Include="image\me.bmp">
      <Filter>资源文件</Filter>
    </Image>
    <Image Include="image\blood.bmp">
      <Filter>资源文件</Filter>
    </Image>
    <Image Include="image\background1.bmp">
      <Filter>资源文件</Filter>
    </Image>
    <Image Include="image\background2.bmp">
      <Filter>资源文件</Filter>
    </Image>
    <Image Include="image\background3.bmp">
      <Filter>资源文件</Filter>
    </Image>
    <Image Include="image\enemyDown.bmp">
      <Filter>资源文件</Filter>
    </Image>
    <Image Include="image\enemyUp.bmp">
      <Filter>资源文件</Filter>
    </Image>
    <Image Include="image\me1.bmp">
      <Filter>资源文件</Filter>
    </Image>
    <Image Include="image\me2.bmp">
      <Filter>资源文件</Filter>
    </Image>
    <Image Include="image\protectme1.bmp">
      <Filter>资源文件</Filter>
    </Image>
    <Image Include="image\protectme2.bmp">
      <Filter>资源文件</Filter>
    </Image>
    <Image Include="res\icon1.ico">
      <Filter>资源文件</Filter>
    </Image>
    <Image Include="image\bomb.bmp">
      <Filter>资源文件</Filter>
    </Image>
    <Image Include="image\balldown.bmp">
      <Filter>资源文件</Filter>
    </Image>
    <Image Include="image\ballup.bmp">
      <Filter>资源文件</Filter>
    </Image>
    <Image Include="image\protect.bmp">
      <Filter>资源文件</Filter>
    </Image>
    <Image Include="image\boss.bmp">
      <Filter>资源文件</Filter>
    </Image>
    <Image Include="image\bomb1.bmp">
      <Filter>资源文件</Filter>
    </Image>
    <Image Include="image\title.bmp">
      <Filter>资源文件</Filter>
    </Image>
  </ItemGroup>
  <ItemGroup>
    <None Include="res\PlaneWar.rc2">
      <Filter>资源文件</Filter>
    </None>
    <None Include="res\sound1.bin">
      <Filter>资源文件</Filter>
    </None>
    <None Include="ClassDiagram.cd" />
  </ItemGroup>
  <ItemGroup>
    <Media Include="sound\background.wav">
      <Filter>资源文件</Filter>
    </Media>
    <Media Include="sound\bomb.wav">
      <Filter>资源文件</Filter>
    </Media>
    <Media Include="sound\explosion.wav">
      <Filter>资源文件</Filter>
    </Media>
    <Media Include="sound\dazhao.wav">
      <Filter>资源文件</Filter>
    </Media>
    <Media Include="sound\game_over.wav">
      <Filter>资源文件</Filter>
    </Media>
    <Media Include="sound\protect.wav">
      <Filter>资源文件</Filter>
    </Media>
    <Media Include="sound\update.wav">
      <Filter>资源文件</Filter>
    </Media>
    <Media Include="sound\blood.wav">
      <Filter>资源文件</Filter>
    </Media>
    <Media Include="sound\ball.wav">
      <Filter>资源文件</Filter>
    </Media>
  </ItemGroup>
</Project>